{
  "name": "ejercicios-eventos-nodejs",
  "version": "1.0.0",
  "lockfileVersion": 3,
  "requires": true,
  "packages": {
    "": {
      "name": "ejercicios-eventos-nodejs",
      "version": "1.0.0",
      "license": "ISC",
      "dependencies": {
        "wmi-client": "^0.5.0"
      }
    },
    "node_modules/wmi-client": {
      "version": "0.5.0",
      "resolved": "https://registry.npmjs.org/wmi-client/-/wmi-client-0.5.0.tgz",
      "integrity": "sha512-QlbQn5n4MONYTMlsm0iABvSGKe7fE/vs76dwuZDBo5d3GiqyzJ1nvWAKk6MQIhhfUg2C8wzVW8GvraFtvzh1cg==",
      "hasInstallScript": true
    }
  }
}
